// !$*UTF8*$!
{
	archiveVersion = 1;
	classes = {
	};
	objectVersion = 46;
	objects = {

/* Begin PBXBuildFile section */
		3AA89A5A1CE2320500DD2243 /* AppDelegate.swift in Sources */ = {isa = PBXBuildFile; fileRef = 3AA89A591CE2320500DD2243 /* AppDelegate.swift */; };
		3AA89A5F1CE2320500DD2243 /* Main.storyboard in Resources */ = {isa = PBXBuildFile; fileRef = 3AA89A5D1CE2320500DD2243 /* Main.storyboard */; };
		3AA89A611CE2320500DD2243 /* Assets.xcassets in Resources */ = {isa = PBXBuildFile; fileRef = 3AA89A601CE2320500DD2243 /* Assets.xcassets */; };
		3AA89A641CE2320500DD2243 /* LaunchScreen.storyboard in Resources */ = {isa = PBXBuildFile; fileRef = 3AA89A621CE2320500DD2243 /* LaunchScreen.storyboard */; };
		3AA89A6F1CE2320500DD2243 /* HW10UITests.swift in Sources */ = {isa = PBXBuildFile; fileRef = 3AA89A6E1CE2320500DD2243 /* HW10UITests.swift */; };
		3AA89A7A1CE2325B00DD2243 /* FirstViewController.swift in Sources */ = {isa = PBXBuildFile; fileRef = 3AA89A791CE2325B00DD2243 /* FirstViewController.swift */; };
		3AA89A7C1CE2326C00DD2243 /* SecondViewController.swift in Sources */ = {isa = PBXBuildFile; fileRef = 3AA89A7B1CE2326C00DD2243 /* SecondViewController.swift */; };
		3AA89A7E1CE232B700DD2243 /* ThirdViewController.swift in Sources */ = {isa = PBXBuildFile; fileRef = 3AA89A7D1CE232B700DD2243 /* ThirdViewController.swift */; };
		3AA89A831CE238E000DD2243 /* one.jpg in Resources */ = {isa = PBXBuildFile; fileRef = 3AA89A801CE238E000DD2243 /* one.jpg */; };
		3AA89A851CE238E000DD2243 /* two.jpg in Resources */ = {isa = PBXBuildFile; fileRef = 3AA89A821CE238E000DD2243 /* two.jpg */; };
		3AA89A881CE2BDD100DD2243 /* three.jpg in Resources */ = {isa = PBXBuildFile; fileRef = 3AA89A871CE2BDD100DD2243 /* three.jpg */; };
/* End PBXBuildFile section */

/* Begin PBXContainerItemProxy section */
		3AA89A6B1CE2320500DD2243 /* PBXContainerItemProxy */ = {
			isa = PBXContainerItemProxy;
			containerPortal = 3AA89A4E1CE2320500DD2243 /* Project object */;
			proxyType = 1;
			remoteGlobalIDString = 3AA89A551CE2320500DD2243;
			remoteInfo = HW10;
		};
/* End PBXContainerItemProxy section */

/* Begin PBXFileReference section */
		3AA89A561CE2320500DD2243 /* HW10.app */ = {isa = PBXFileReference; explicitFileType = wrapper.application; includeInIndex = 0; path = HW10.app; sourceTree = BUILT_PRODUCTS_DIR; };
		3AA89A591CE2320500DD2243 /* AppDelegate.swift */ = {isa = PBXFileReference; lastKnownFileType = sourcecode.swift; path = AppDelegate.swift; sourceTree = "<group>"; };
		3AA89A5E1CE2320500DD2243 /* Base */ = {isa = PBXFileReference; lastKnownFileType = file.storyboard; name = Base; path = Base.lproj/Main.storyboard; sourceTree = "<group>"; };
		3AA89A601CE2320500DD2243 /* Assets.xcassets */ = {isa = PBXFileReference; lastKnownFileType = folder.assetcatalog; path = Assets.xcassets; sourceTree = "<group>"; };
		3AA89A631CE2320500DD2243 /* Base */ = {isa = PBXFileReference; lastKnownFileType = file.storyboard; name = Base; path = Base.lproj/LaunchScreen.storyboard; sourceTree = "<group>"; };
		3AA89A651CE2320500DD2243 /* Info.plist */ = {isa = PBXFileReference; lastKnownFileType = text.plist.xml; path = Info.plist; sourceTree = "<group>"; };
		3AA89A6A1CE2320500DD2243 /* HW10UITests.xctest */ = {isa = PBXFileReference; explicitFileType = wrapper.cfbundle; includeInIndex = 0; path = HW10UITests.xctest; sourceTree = BUILT_PRODUCTS_DIR; };
		3AA89A6E1CE2320500DD2243 /* HW10UITests.swift */ = {isa = PBXFileReference; lastKnownFileType = sourcecode.swift; path = HW10UITests.swift; sourceTree = "<group>"; };
		3AA89A701CE2320500DD2243 /* Info.plist */ = {isa = PBXFileReference; lastKnownFileType = text.plist.xml; path = Info.plist; sourceTree = "<group>"; };
		3AA89A791CE2325B00DD2243 /* FirstViewController.swift */ = {isa = PBXFileReference; fileEncoding = 4; lastKnownFileType = sourcecode.swift; path = FirstViewController.swift; sourceTree = "<group>"; };
		3AA89A7B1CE2326C00DD2243 /* SecondViewController.swift */ = {isa = PBXFileReference; fileEncoding = 4; lastKnownFileType = sourcecode.swift; path = SecondViewController.swift; sourceTree = "<group>"; };
		3AA89A7D1CE232B700DD2243 /* ThirdViewController.swift */ = {isa = PBXFileReference; fileEncoding = 4; lastKnownFileType = sourcecode.swift; path = ThirdViewController.swift; sourceTree = "<group>"; };
		3AA89A801CE238E000DD2243 /* one.jpg */ = {isa = PBXFileReference; lastKnownFileType = image.jpeg; path = one.jpg; sourceTree = "<group>"; };
		3AA89A821CE238E000DD2243 /* two.jpg */ = {isa = PBXFileReference; lastKnownFileType = image.jpeg; path = two.jpg; sourceTree = "<group>"; };
		3AA89A861CE2394000DD2243 /* GFInfo.h */ = {isa = PBXFileReference; lastKnownFileType = sourcecode.c.h; path = GFInfo.h; sourceTree = "<group>"; };
		3AA89A871CE2BDD100DD2243 /* three.jpg */ = {isa = PBXFileReference; lastKnownFileType = image.jpeg; path = three.jpg; sourceTree = "<group>"; };
/* End PBXFileReference section */

/* Begin PBXFrameworksBuildPhase section */
		3AA89A531CE2320500DD2243 /* Frameworks */ = {
			isa = PBXFrameworksBuildPhase;
			buildActionMask = 2147483647;
			files = (
			);
			runOnlyForDeploymentPostprocessing = 0;
		};
		3AA89A671CE2320500DD2243 /* Frameworks */ = {
			isa = PBXFrameworksBuildPhase;
			buildActionMask = 2147483647;
			files = (
			);
			runOnlyForDeploymentPostprocessing = 0;
		};
/* End PBXFrameworksBuildPhase section */

/* Begin PBXGroup section */
		3AA89A4D1CE2320500DD2243 = {
			isa = PBXGroup;
			children = (
				3AA89A581CE2320500DD2243 /* HW10 */,
				3AA89A6D1CE2320500DD2243 /* HW10UITests */,
				3AA89A571CE2320500DD2243 /* Products */,
			);
			sourceTree = "<group>";
		};
		3AA89A571CE2320500DD2243 /* Products */ = {
			isa = PBXGroup;
			children = (
				3AA89A561CE2320500DD2243 /* HW10.app */,
				3AA89A6A1CE2320500DD2243 /* HW10UITests.xctest */,
			);
			name = Products;
			sourceTree = "<group>";
		};
		3AA89A581CE2320500DD2243 /* HW10 */ = {
			isa = PBXGroup;
			children = (
				3AA89A7F1CE238C800DD2243 /* image */,
				3AA89A591CE2320500DD2243 /* AppDelegate.swift */,
				3AA89A791CE2325B00DD2243 /* FirstViewController.swift */,
				3AA89A7B1CE2326C00DD2243 /* SecondViewController.swift */,
				3AA89A7D1CE232B700DD2243 /* ThirdViewController.swift */,
				3AA89A5D1CE2320500DD2243 /* Main.storyboard */,
				3AA89A601CE2320500DD2243 /* Assets.xcassets */,
				3AA89A621CE2320500DD2243 /* LaunchScreen.storyboard */,
				3AA89A651CE2320500DD2243 /* Info.plist */,
				3AA89A861CE2394000DD2243 /* GFInfo.h */,
			);
			path = HW10;
			sourceTree = "<group>";
		};
		3AA89A6D1CE2320500DD2243 /* HW10UITests */ = {
			isa = PBXGroup;
			children = (
				3AA89A6E1CE2320500DD2243 /* HW10UITests.swift */,
				3AA89A701CE2320500DD2243 /* Info.plist */,
			);
			path = HW10UITests;
			sourceTree = "<group>";
		};
		3AA89A7F1CE238C800DD2243 /* image */ = {
			isa = PBXGroup;
			children = (
				3AA89A801CE238E000DD2243 /* one.jpg */,
				3AA89A821CE238E000DD2243 /* two.jpg */,
				3AA89A871CE2BDD100DD2243 /* three.jpg */,
			);
			name = image;
			sourceTree = "<group>";
		};
/* End PBXGroup section */

/* Begin PBXNativeTarget section */
		3AA89A551CE2320500DD2243 /* HW10 */ = {
			isa = PBXNativeTarget;
			buildConfigurationList = 3AA89A731CE2320500DD2243 /* Build configuration list for PBXNativeTarget "HW10" */;
			buildPhases = (
				3AA89A521CE2320500DD2243 /* Sources */,
				3AA89A531CE2320500DD2243 /* Frameworks */,
				3AA89A541CE2320500DD2243 /* Resources */,
			);
			buildRules = (
			);
			dependencies = (
			);
			name = HW10;
			productName = HW10;
			productReference = 3AA89A561CE2320500DD2243 /* HW10.app */;
			productType = "com.apple.product-type.application";
		};
		3AA89A691CE2320500DD2243 /* HW10UITests */ = {
			isa = PBXNativeTarget;
			buildConfigurationList = 3AA89A761CE2320500DD2243 /* Build configuration list for PBXNativeTarget "HW10UITests" */;
			buildPhases = (
				3AA89A661CE2320500DD2243 /* Sources */,
				3AA89A671CE2320500DD2243 /* Frameworks */,
				3AA89A681CE2320500DD2243 /* Resources */,
			);
			buildRules = (
			);
			dependencies = (
				3AA89A6C1CE2320500DD2243 /* PBXTargetDependency */,
			);
			name = HW10UITests;
			productName = HW10UITests;
			productReference = 3AA89A6A1CE2320500DD2243 /* HW10UITests.xctest */;
			productType = "com.apple.product-type.bundle.ui-testing";
		};
/* End PBXNativeTarget section */

/* Begin PBXProject section */
		3AA89A4E1CE2320500DD2243 /* Project object */ = {
			isa = PBXProject;
			attributes = {
				LastSwiftUpdateCheck = 0730;
				LastUpgradeCheck = 0730;
				ORGANIZATIONNAME = galileo.jack;
				TargetAttributes = {
					3AA89A551CE2320500DD2243 = {
						CreatedOnToolsVersion = 7.3;
					};
					3AA89A691CE2320500DD2243 = {
						CreatedOnToolsVersion = 7.3;
						TestTargetID = 3AA89A551CE2320500DD2243;
					};
				};
			};
			buildConfigurationList = 3AA89A511CE2320500DD2243 /* Build configuration list for PBXProject "HW10" */;
			compatibilityVersion = "Xcode 3.2";
			developmentRegion = English;
			hasScannedForEncodings = 0;
			knownRegions = (
				en,
				Base,
			);
			mainGroup = 3AA89A4D1CE2320500DD2243;
			productRefGroup = 3AA89A571CE2320500DD2243 /* Products */;
			projectDirPath = "";
			projectRoot = "";
			targets = (
				3AA89A551CE2320500DD2243 /* HW10 */,
				3AA89A691CE2320500DD2243 /* HW10UITests */,
			);
		};
/* End PBXProject section */

/* Begin PBXResourcesBuildPhase section */
		3AA89A541CE2320500DD2243 /* Resources */ = {
			isa = PBXResourcesBuildPhase;
			buildActionMask = 2147483647;
			files = (
				3AA89A851CE238E000DD2243 /* two.jpg in Resources */,
				3AA89A831CE238E000DD2243 /* one.jpg in Resources */,
				3AA89A881CE2BDD100DD2243 /* three.jpg in Resources */,
				3AA89A641CE2320500DD2243 /* LaunchScreen.storyboard in Resources */,
				3AA89A611CE2320500DD2243 /* Assets.xcassets in Resources */,
				3AA89A5F1CE2320500DD2243 /* Main.storyboard in Resources */,
			);
			runOnlyForDeploymentPostprocessing = 0;
		};
		3AA89A681CE2320500DD2243 /* Resources */ = {
			isa = PBXResourcesBuildPhase;
			buildActionMask = 2147483647;
			files = (
			);
			runOnlyForDeploymentPostprocessing = 0;
		};
/* End PBXResourcesBuildPhase section */

/* Begin PBXSourcesBuildPhase section */
		3AA89A521CE2320500DD2243 /* Sources */ = {
			isa = PBXSourcesBuildPhase;
			buildActionMask = 2147483647;
			files = (
				3AA89A7C1CE2326C00DD2243 /* SecondViewController.swift in Sources */,
				3AA89A5A1CE2320500DD2243 /* AppDelegate.swift in Sources */,
				3AA89A7E1CE232B700DD2243 /* ThirdViewController.swift in Sources */,
				3AA89A7A1CE2325B00DD2243 /* FirstViewController.swift in Sources */,
			);
			runOnlyForDeploymentPostprocessing = 0;
		};
		3AA89A661CE2320500DD2243 /* Sources */ = {
			isa = PBXSourcesBuildPhase;
			buildActionMask = 2147483647;
			files = (
				3AA89A6F1CE2320500DD2243 /* HW10UITests.swift in Sources */,
			);
			runOnlyForDeploymentPostprocessing = 0;
		};
/* End PBXSourcesBuildPhase section */

/* Begin PBXTargetDependency section */
		3AA89A6C1CE2320500DD2243 /* PBXTargetDependency */ = {
			isa = PBXTargetDependency;
			target = 3AA89A551CE2320500DD2243 /* HW10 */;
			targetProxy = 3AA89A6B1CE2320500DD2243 /* PBXContainerItemProxy */;
		};
/* End PBXTargetDependency section */

/* Begin PBXVariantGroup section */
		3AA89A5D1CE2320500DD2243 /* Main.storyboard */ = {
			isa = PBXVariantGroup;
			children = (
				3AA89A5E1CE2320500DD2243 /* Base */,
			);
			name = Main.storyboard;
			sourceTree = "<group>";
		};
		3AA89A621CE2320500DD2243 /* LaunchScreen.storyboard */ = {
			isa = PBXVariantGroup;
			children = (
				3AA89A631CE2320500DD2243 /* Base */,
			);
			name = LaunchScreen.storyboard;
			sourceTree = "<group>";
		};
/* End PBXVariantGroup section */

/* Begin XCBuildConfiguration section */
		3AA89A711CE2320500DD2243 /* Debug */ = {
			isa = XCBuildConfiguration;
			buildSettings = {
				ALWAYS_SEARCH_USER_PATHS = NO;
				CLANG_ANALYZER_NONNULL = YES;
				CLANG_CXX_LANGUAGE_STANDARD = "gnu++0x";
				CLANG_CXX_LIBRARY = "libc++";
				CLANG_ENABLE_MODULES = YES;
				CLANG_ENABLE_OBJC_ARC = YES;
				CLANG_WARN_BOOL_CONVERSION = YES;
				CLANG_WARN_CONSTANT_CONVERSION = YES;
				CLANG_WARN_DIRECT_OBJC_ISA_USAGE = YES_ERROR;
				CLANG_WARN_EMPTY_BODY = YES;
				CLANG_WARN_ENUM_CONVERSION = YES;
				CLANG_WARN_INT_CONVERSION = YES;
				CLANG_WARN_OBJC_ROOT_CLASS = YES_ERROR;
				CLANG_WARN_UNREACHABLE_CODE = YES;
				CLANG_WARN__DUPLICATE_METHOD_MATCH = YES;
				"CODE_SIGN_IDENTITY[sdk=iphoneos*]" = "iPhone Developer";
				COPY_PHASE_STRIP = NO;
				DEBUG_INFORMATION_FORMAT = dwarf;
				ENABLE_STRICT_OBJC_MSGSEND = YES;
				ENABLE_TESTABILITY = YES;
				GCC_C_LANGUAGE_STANDARD = gnu99;
				GCC_DYNAMIC_NO_PIC = NO;
				GCC_NO_COMMON_BLOCKS = YES;
				GCC_OPTIMIZATION_LEVEL = 0;
				GCC_PREPROCESSOR_DEFINITIONS = (
					"DEBUG=1",
					"$(inherited)",
				);
				GCC_WARN_64_TO_32_BIT_CONVERSION = YES;
				GCC_WARN_ABOUT_RETURN_TYPE = YES_ERROR;
				GCC_WARN_UNDECLARED_SELECTOR = YES;
				GCC_WARN_UNINITIALIZED_AUTOS = YES_AGGRESSIVE;
				GCC_WARN_UNUSED_FUNCTION = YES;
				GCC_WARN_UNUSED_VARIABLE = YES;
				IPHONEOS_DEPLOYMENT_TARGET = 9.3;
				MTL_ENABLE_DEBUG_INFO = YES;
				ONLY_ACTIVE_ARCH = YES;
				SDKROOT = iphoneos;
				SWIFT_OPTIMIZATION_LEVEL = "-Onone";
				TARGETED_DEVICE_FAMILY = "1,2";
			};
			name = Debug;
		};
		3AA89A721CE2320500DD2243 /* Release */ = {
			isa = XCBuildConfiguration;
			buildSettings = {
				ALWAYS_SEARCH_USER_PATHS = NO;
				CLANG_ANALYZER_NONNULL = YES;
				CLANG_CXX_LANGUAGE_STANDARD = "gnu++0x";
				CLANG_CXX_LIBRARY = "libc++";
				CLANG_ENABLE_MODULES = YES;
				CLANG_ENABLE_OBJC_ARC = YES;
				CLANG_WARN_BOOL_CONVERSION = YES;
				CLANG_WARN_CONSTANT_CONVERSION = YES;
				CLANG_WARN_DIRECT_OBJC_ISA_USAGE = YES_ERROR;
				CLANG_WARN_EMPTY_BODY = YES;
				CLANG_WARN_ENUM_CONVERSION = YES;
				CLANG_WARN_INT_CONVERSION = YES;
				CLANG_WARN_OBJC_ROOT_CLASS = YES_ERROR;
				CLANG_WARN_UNREACHABLE_CODE = YES;
				CLANG_WARN__DUPLICATE_METHOD_MATCH = YES;
				"CODE_SIGN_IDENTITY[sdk=iphoneos*]" = "iPhone Developer";
				COPY_PHASE_STRIP = NO;
				DEBUG_INFORMATION_FORMAT = "dwarf-with-dsym";
				ENABLE_NS_ASSERTIONS = NO;
				ENABLE_STRICT_OBJC_MSGSEND = YES;
				GCC_C_LANGUAGE_STANDARD = gnu99;
				GCC_NO_COMMON_BLOCKS = YES;
				GCC_WARN_64_TO_32_BIT_CONVERSION = YES;
				GCC_WARN_ABOUT_RETURN_TYPE = YES_ERROR;
				GCC_WARN_UNDECLARED_SELECTOR = YES;
				GCC_WARN_UNINITIALIZED_AUTOS = YES_AGGRESSIVE;
				GCC_WARN_UNUSED_FUNCTION = YES;
				GCC_WARN_UNUSED_VARIABLE = YES;
				IPHONEOS_DEPLOYMENT_TARGET = 9.3;
				MTL_ENABLE_DEBUG_INFO = NO;
				SDKROOT = iphoneos;
				TARGETED_DEVICE_FAMILY = "1,2";
				VALIDATE_PRODUCT = YES;
			};
			name = Release;
		};
		3AA89A741CE2320500DD2243 /* Debug */ = {
			isa = XCBuildConfiguration;
			buildSettings = {
				ASSETCATALOG_COMPILER_APPICON_NAME = AppIcon;
				INFOPLIST_FILE = HW10/Info.plist;
				LD_RUNPATH_SEARCH_PATHS = "$(inherited) @executable_path/Frameworks";
				PRODUCT_BUNDLE_IDENTIFIER = galileo.jack.soho.HW10;
				PRODUCT_NAME = "$(TARGET_NAME)";
			};
			name = Debug;
		};
		3AA89A751CE2320500DD2243 /* Release */ = {
			isa = XCBuildConfiguration;
			buildSettings = {
				ASSETCATALOG_COMPILER_APPICON_NAME = AppIcon;
				INFOPLIST_FILE = HW10/Info.plist;
				LD_RUNPATH_SEARCH_PATHS = "$(inherited) @executable_path/Frameworks";
				PRODUCT_BUNDLE_IDENTIFIER = galileo.jack.soho.HW10;
				PRODUCT_NAME = "$(TARGET_NAME)";
			};
			name = Release;
		};
		3AA89A771CE2320500DD2243 /* Debug */ = {
			isa = XCBuildConfiguration;
			buildSettings = {
				INFOPLIST_FILE = HW10UITests/Info.plist;
				LD_RUNPATH_SEARCH_PATHS = "$(inherited) @executable_path/Frameworks @loader_path/Frameworks";
				PRODUCT_BUNDLE_IDENTIFIER = galileo.jack.soho.HW10UITests;
				PRODUCT_NAME = "$(TARGET_NAME)";
				TEST_TARGET_NAME = HW10;
			};
			name = Debug;
		};
		3AA89A781CE2320500DD2243 /* Release */ = {
			isa = XCBuildConfiguration;
			buildSettings = {
				INFOPLIST_FILE = HW10UITests/Info.plist;
				LD_RUNPATH_SEARCH_PATHS = "$(inherited) @executable_path/Frameworks @loader_path/Frameworks";
				PRODUCT_BUNDLE_IDENTIFIER = galileo.jack.soho.HW10UITests;
				PRODUCT_NAME = "$(TARGET_NAME)";
				TEST_TARGET_NAME = HW10;
			};
			name = Release;
		};
/* End XCBuildConfiguration section */

/* Begin XCConfigurationList section */
		3AA89A511CE2320500DD2243 /* Build configuration list for PBXProject "HW10" */ = {
			isa = XCConfigurationList;
			buildConfigurations = (
				3AA89A711CE2320500DD2243 /* Debug */,
				3AA89A721CE2320500DD2243 /* Release */,
			);
			defaultConfigurationIsVisible = 0;
			defaultConfigurationName = Release;
		};
		3AA89A731CE2320500DD2243 /* Build configuration list for PBXNativeTarget "HW10" */ = {
			isa = XCConfigurationList;
			buildConfigurations = (
				3AA89A741CE2320500DD2243 /* Debug */,
				3AA89A751CE2320500DD2243 /* Release */,
			);
			defaultConfigurationIsVisible = 0;
		};
		3AA89A761CE2320500DD2243 /* Build configuration list for PBXNativeTarget "HW10UITests" */ = {
			isa = XCConfigurationList;
			buildConfigurations = (
				3AA89A771CE2320500DD2243 /* Debug */,
				3AA89A781CE2320500DD2243 /* Release */,
			);
			defaultConfigurationIsVisible = 0;
		};
/* End XCConfigurationList section */
	};
	rootObject = 3AA89A4E1CE2320500DD2243 /* Project object */;
}
